
Microsoft Visual Studio Solution File, Format Version 12.00
# Visual Studio Version 17
VisualStudioVersion = 17.8.34330.188
MinimumVisualStudioVersion = 10.0.40219.1
Project("{9A19103F-16F7-4668-BE54-9A1E7A4F7556}") = "CopyPaste.Infra", "src\CopyPaste.Infra\CopyPaste.Infra.csproj", "{CEBA88C5-AA61-46ED-B5D4-9110F867E973}"
EndProject
Project("{FAE04EC0-301F-11D3-BF4B-00C04F79EFBC}") = "CopyPaste.Presentation.Blazor5", "src\CopyPaste.Presentation.Blazor5\CopyPaste.Presentation.Blazor5.csproj", "{878EFA40-AC8F-476A-8DDD-C78829A2A668}"
EndProject
Global
	GlobalSection(SolutionConfigurationPlatforms) = preSolution
		Debug|Any CPU = Debug|Any CPU
		Release|Any CPU = Release|Any CPU
	EndGlobalSection
	GlobalSection(ProjectConfigurationPlatforms) = postSolution
		{CEBA88C5-AA61-46ED-B5D4-9110F867E973}.Debug|Any CPU.ActiveCfg = Debug|Any CPU
		{CEBA88C5-AA61-46ED-B5D4-9110F867E973}.Debug|Any CPU.Build.0 = Debug|Any CPU
		{CEBA88C5-AA61-46ED-B5D4-9110F867E973}.Release|Any CPU.ActiveCfg = Release|Any CPU
		{CEBA88C5-AA61-46ED-B5D4-9110F867E973}.Release|Any CPU.Build.0 = Release|Any CPU
		{878EFA40-AC8F-476A-8DDD-C78829A2A668}.Debug|Any CPU.ActiveCfg = Debug|Any CPU
		{878EFA40-AC8F-476A-8DDD-C78829A2A668}.Debug|Any CPU.Build.0 = Debug|Any CPU
		{878EFA40-AC8F-476A-8DDD-C78829A2A668}.Release|Any CPU.ActiveCfg = Release|Any CPU
		{878EFA40-AC8F-476A-8DDD-C78829A2A668}.Release|Any CPU.Build.0 = Release|Any CPU
	EndGlobalSection
	GlobalSection(SolutionProperties) = preSolution
		HideSolutionNode = FALSE
	EndGlobalSection
	GlobalSection(ExtensibilityGlobals) = postSolution
		SolutionGuid = {67A9C039-532C-41CB-8EE7-8A82AC32ECB3}
	EndGlobalSection
EndGlobal
